
Microsoft Visual Studio Solution File, Format Version 12.00
# Visual Studio Version 17
VisualStudioVersion = 17.4.33213.308
MinimumVisualStudioVersion = 10.0.40219.1
Project("{9A19103F-16F7-4668-BE54-9A1E7A4F7556}") = "Entities", "Entity\Entities.csproj", "{EC831BE3-5637-44DD-8B92-B580D410D114}"
EndProject
Project("{9A19103F-16F7-4668-BE54-9A1E7A4F7556}") = "DataAccess", "DataAccess\DataAccess.csproj", "{5F22FFC8-6E32-4326-AFD5-4F1BAAE71E5E}"
EndProject
Project("{9A19103F-16F7-4668-BE54-9A1E7A4F7556}") = "Core", "Core\Core.csproj", "{AD98049B-7587-4339-B542-011B8F21B405}"
EndProject
Project("{9A19103F-16F7-4668-BE54-9A1E7A4F7556}") = "Business", "Business\Business.csproj", "{D3E6B42D-05EC-40ED-8423-2ABB70366147}"
EndProject
Project("{FAE04EC0-301F-11D3-BF4B-00C04F79EFBC}") = "Service", "Service\Service.csproj", "{5AD0A867-63D4-4DCA-8A93-355328A5D228}"
EndProject
Global
	GlobalSection(SolutionConfigurationPlatforms) = preSolution
		Debug|Any CPU = Debug|Any CPU
		Release|Any CPU = Release|Any CPU
	EndGlobalSection
	GlobalSection(ProjectConfigurationPlatforms) = postSolution
		{EC831BE3-5637-44DD-8B92-B580D410D114}.Debug|Any CPU.ActiveCfg = Debug|Any CPU
		{EC831BE3-5637-44DD-8B92-B580D410D114}.Debug|Any CPU.Build.0 = Debug|Any CPU
		{EC831BE3-5637-44DD-8B92-B580D410D114}.Release|Any CPU.ActiveCfg = Release|Any CPU
		{EC831BE3-5637-44DD-8B92-B580D410D114}.Release|Any CPU.Build.0 = Release|Any CPU
		{5F22FFC8-6E32-4326-AFD5-4F1BAAE71E5E}.Debug|Any CPU.ActiveCfg = Debug|Any CPU
		{5F22FFC8-6E32-4326-AFD5-4F1BAAE71E5E}.Debug|Any CPU.Build.0 = Debug|Any CPU
		{5F22FFC8-6E32-4326-AFD5-4F1BAAE71E5E}.Release|Any CPU.ActiveCfg = Release|Any CPU
		{5F22FFC8-6E32-4326-AFD5-4F1BAAE71E5E}.Release|Any CPU.Build.0 = Release|Any CPU
		{AD98049B-7587-4339-B542-011B8F21B405}.Debug|Any CPU.ActiveCfg = Debug|Any CPU
		{AD98049B-7587-4339-B542-011B8F21B405}.Debug|Any CPU.Build.0 = Debug|Any CPU
		{AD98049B-7587-4339-B542-011B8F21B405}.Release|Any CPU.ActiveCfg = Release|Any CPU
		{AD98049B-7587-4339-B542-011B8F21B405}.Release|Any CPU.Build.0 = Release|Any CPU
		{D3E6B42D-05EC-40ED-8423-2ABB70366147}.Debug|Any CPU.ActiveCfg = Debug|Any CPU
		{D3E6B42D-05EC-40ED-8423-2ABB70366147}.Debug|Any CPU.Build.0 = Debug|Any CPU
		{D3E6B42D-05EC-40ED-8423-2ABB70366147}.Release|Any CPU.ActiveCfg = Release|Any CPU
		{D3E6B42D-05EC-40ED-8423-2ABB70366147}.Release|Any CPU.Build.0 = Release|Any CPU
		{5AD0A867-63D4-4DCA-8A93-355328A5D228}.Debug|Any CPU.ActiveCfg = Debug|Any CPU
		{5AD0A867-63D4-4DCA-8A93-355328A5D228}.Debug|Any CPU.Build.0 = Debug|Any CPU
		{5AD0A867-63D4-4DCA-8A93-355328A5D228}.Release|Any CPU.ActiveCfg = Release|Any CPU
		{5AD0A867-63D4-4DCA-8A93-355328A5D228}.Release|Any CPU.Build.0 = Release|Any CPU
	EndGlobalSection
	GlobalSection(SolutionProperties) = preSolution
		HideSolutionNode = FALSE
	EndGlobalSection
	GlobalSection(ExtensibilityGlobals) = postSolution
		SolutionGuid = {F9154B87-3D20-4353-803D-4B1530E94655}
	EndGlobalSection
EndGlobal
